
Microsoft Visual Studio Solution File, Format Version 12.00
# Visual Studio Version 16
VisualStudioVersion = 16.0.30907.101
MinimumVisualStudioVersion = 10.0.40219.1
Project("{FAE04EC0-301F-11D3-BF4B-00C04F79EFBC}") = "VendingMachine", "VendingMachine.csproj", "{AC82958D-8012-4E7B-91F1-23CD0880A09B}"
EndProject
Global
	GlobalSection(SolutionConfigurationPlatforms) = preSolution
		Debug|Any CPU = Debug|Any CPU
		Release|Any CPU = Release|Any CPU
	EndGlobalSection
	GlobalSection(ProjectConfigurationPlatforms) = postSolution
		{AC82958D-8012-4E7B-91F1-23CD0880A09B}.Debug|Any CPU.ActiveCfg = Debug|Any CPU
		{AC82958D-8012-4E7B-91F1-23CD0880A09B}.Debug|Any CPU.Build.0 = Debug|Any CPU
		{AC82958D-8012-4E7B-91F1-23CD0880A09B}.Release|Any CPU.ActiveCfg = Release|Any CPU
		{AC82958D-8012-4E7B-91F1-23CD0880A09B}.Release|Any CPU.Build.0 = Release|Any CPU
	EndGlobalSection
	GlobalSection(SolutionProperties) = preSolution
		HideSolutionNode = FALSE
	EndGlobalSection
	GlobalSection(ExtensibilityGlobals) = postSolution
		SolutionGuid = {033CE0B5-67A1-4834-AB73-B4DEEC1AD04F}
	EndGlobalSection
EndGlobal
